<?xml version="1.0" encoding="utf-8"?>
<Project ToolsVersion="4.0" xmlns="http://schemas.microsoft.com/developer/msbuild/2003">
  <ItemGroup>
    <Filter Include="Source Files">
      <UniqueIdentifier>{4FC737F1-C7A5-4376-A066-2A32D752A2FF}</UniqueIdentifier>
      <Extensions>cpp;c;cc;cxx;def;odl;idl;hpj;bat;asm;asmx</Extensions>
    </Filter>
    <Filter Include="Header Files">
      <UniqueIdentifier>{93995380-89BD-4b04-88EB-625FBE52EBFB}</UniqueIdentifier>
      <Extensions>h;hh;hpp;hxx;hm;inl;inc;xsd</Extensions>
    </Filter>
    <Filter Include="Resource Files">
      <UniqueIdentifier>{67DA6AB6-F800-4c08-8B7A-83BB121AAD01}</UniqueIdentifier>
      <Extensions>rc;ico;cur;bmp;dlg;rc2;rct;bin;rgs;gif;jpg;jpeg;jpe;resx;tiff;tif;png;wav;mfcribbon-ms</Extensions>
    </Filter>
    <Filter Include="Shaders">
      <UniqueIdentifier>{87b9cb7a-5d3a-4d27-85a3-219d29b1894f}</UniqueIdentifier>
    </Filter>
    <Filter Include="Source Files\vulkan">
      <UniqueIdentifier>{a526831f-376c-4902-b461-de91b61b9ebb}</UniqueIdentifier>
    </Filter>
    <Filter Include="Header Files\vulkan">
      <UniqueIdentifier>{fd65e2b9-7679-4ce9-a0d0-d949dbb4c123}</UniqueIdentifier>
    </Filter>
  </ItemGroup>
  <ItemGroup>
    <ClCompile Include="source\main.cpp">
      <Filter>Source Files</Filter>
    </ClCompile>
    <ClCompile Include="source\vulkan\mesh.cpp">
      <Filter>Source Files\vulkan</Filter>
    </ClCompile>
    <ClCompile Include="source\vulkan\manager.cpp">
      <Filter>Source Files\vulkan</Filter>
    </ClCompile>
    <ClCompile Include="source\camera.cpp">
      <Filter>Source Files</Filter>
    </ClCompile>
    <ClCompile Include="source\vulkan\helpers.cpp">
      <Filter>Source Files\vulkan</Filter>
    </ClCompile>
    <ClCompile Include="source\app.cpp">
      <Filter>Source Files</Filter>
    </ClCompile>
  </ItemGroup>
  <ItemGroup>
    <CustomBuild Include="shaders\test.vs">
      <Filter>Shaders</Filter>
    </CustomBuild>
    <CustomBuild Include="shaders\fs_blobs.fs">
      <Filter>Shaders</Filter>
    </CustomBuild>
    <CustomBuild Include="shaders\fs_blobs.vs">
      <Filter>Shaders</Filter>
    </CustomBuild>
    <CustomBuild Include="shaders\mesh.fs">
      <Filter>Shaders</Filter>
    </CustomBuild>
    <CustomBuild Include="shaders\mesh.vs">
      <Filter>Shaders</Filter>
    </CustomBuild>
    <CustomBuild Include="shaders\pathtracer.fs">
      <Filter>Shaders</Filter>
    </CustomBuild>
    <CustomBuild Include="shaders\shadowmap.fs">
      <Filter>Shaders</Filter>
    </CustomBuild>
    <CustomBuild Include="shaders\shadowmap.vs">
      <Filter>Shaders</Filter>
    </CustomBuild>
    <CustomBuild Include="shaders\debug_vis.fs">
      <Filter>Shaders</Filter>
    </CustomBuild>
    <CustomBuild Include="shaders\debug_vis.vs">
      <Filter>Shaders</Filter>
    </CustomBuild>
  </ItemGroup>
  <ItemGroup>
    <ClInclude Include="source\vulkan\mesh.h">
      <Filter>Header Files\vulkan</Filter>
    </ClInclude>
    <ClInclude Include="source\vulkan\manager.h">
      <Filter>Header Files\vulkan</Filter>
    </ClInclude>
    <ClInclude Include="source\vulkan\definitions.h">
      <Filter>Header Files\vulkan</Filter>
    </ClInclude>
    <ClInclude Include="source\camera.h">
      <Filter>Header Files</Filter>
    </ClInclude>
    <ClInclude Include="source\vulkan\helpers.h">
      <Filter>Header Files\vulkan</Filter>
    </ClInclude>
    <ClInclude Include="source\app.h">
      <Filter>Header Files</Filter>
    </ClInclude>
    <ClInclude Include="source\physics_scenes.h">
      <Filter>Source Files</Filter>
    </ClInclude>
    <ClInclude Include="source\sim.h">
      <Filter>Source Files</Filter>
    </ClInclude>
  </ItemGroup>
</Project>